
Microsoft Visual Studio Solution File, Format Version 12.00
# Visual Studio Version 17
VisualStudioVersion = 17.9.34728.123
MinimumVisualStudioVersion = 10.0.40219.1
Project("{9A19103F-16F7-4668-BE54-9A1E7A4F7556}") = "Lab1Petrov", "Lab1Petrov.csproj", "{AD61E27F-1F97-433C-B648-8B77FA31F9AE}"
EndProject
Project("{FAE04EC0-301F-11D3-BF4B-00C04F79EFBC}") = "OrderServiceTests", "..\OrderServiceTests\OrderServiceTests.csproj", "{FE999242-3654-4ADC-B0E2-ED68C806CF39}"
EndProject
Global
	GlobalSection(SolutionConfigurationPlatforms) = preSolution
		Debug|Any CPU = Debug|Any CPU
		Release|Any CPU = Release|Any CPU
	EndGlobalSection
	GlobalSection(ProjectConfigurationPlatforms) = postSolution
		{AD61E27F-1F97-433C-B648-8B77FA31F9AE}.Debug|Any CPU.ActiveCfg = Debug|Any CPU
		{AD61E27F-1F97-433C-B648-8B77FA31F9AE}.Debug|Any CPU.Build.0 = Debug|Any CPU
		{AD61E27F-1F97-433C-B648-8B77FA31F9AE}.Release|Any CPU.ActiveCfg = Release|Any CPU
		{AD61E27F-1F97-433C-B648-8B77FA31F9AE}.Release|Any CPU.Build.0 = Release|Any CPU
		{FE999242-3654-4ADC-B0E2-ED68C806CF39}.Debug|Any CPU.ActiveCfg = Debug|Any CPU
		{FE999242-3654-4ADC-B0E2-ED68C806CF39}.Debug|Any CPU.Build.0 = Debug|Any CPU
		{FE999242-3654-4ADC-B0E2-ED68C806CF39}.Release|Any CPU.ActiveCfg = Release|Any CPU
		{FE999242-3654-4ADC-B0E2-ED68C806CF39}.Release|Any CPU.Build.0 = Release|Any CPU
	EndGlobalSection
	GlobalSection(SolutionProperties) = preSolution
		HideSolutionNode = FALSE
	EndGlobalSection
	GlobalSection(ExtensibilityGlobals) = postSolution
		SolutionGuid = {86A76EAA-FBDE-4B75-B9F2-990A1BF0C708}
	EndGlobalSection
EndGlobal
